<?xml version="1.0" encoding="utf-8"?>
<Project ToolsVersion="17.0" xmlns="http://schemas.microsoft.com/developer/msbuild/2003">
  <ItemGroup>
    <ClCompile Include="C:\Users\Aleksandrov\Desktop\Учёба\Геоммод\LabWork\Lab2\code\graphObject.cpp">
      <Filter>Source Files</Filter>
    </ClCompile>
    <ClCompile Include="C:\Users\Aleksandrov\Desktop\Учёба\Геоммод\LabWork\Lab2\code\main.cpp">
      <Filter>Source Files</Filter>
    </ClCompile>
    <ClCompile Include="Tasks\bezier_curve.cpp">
      <Filter>Source Files</Filter>
    </ClCompile>
  </ItemGroup>
  <ItemGroup>
    <ClInclude Include="C:\Users\Aleksandrov\Desktop\Учёба\Геоммод\LabWork\Lab2\code\graphObject.h">
      <Filter>Header Files</Filter>
    </ClInclude>
    <ClInclude Include="C:\Users\Aleksandrov\Desktop\Учёба\Геоммод\LabWork\Lab2\code\vector.h">
      <Filter>Header Files</Filter>
    </ClInclude>
    <ClInclude Include="Tasks\advanced_curve.h">
      <Filter>Header Files</Filter>
    </ClInclude>
    <ClInclude Include="Tasks\bezier_curve.h">
      <Filter>Header Files</Filter>
    </ClInclude>
    <ClInclude Include="Tasks\B_Spline.h">
      <Filter>Header Files</Filter>
    </ClInclude>
  </ItemGroup>
  <ItemGroup>
    <CustomBuild Include="C:\Users\Aleksandrov\Desktop\Учёба\Геоммод\LabWork\Lab2\code\CMakeLists.txt">
      <Filter>Other Files</Filter>
    </CustomBuild>
  </ItemGroup>
  <ItemGroup>
    <Filter Include="Header Files">
      <UniqueIdentifier>{542ECB90-AB80-318B-970C-DCE2EF30444D}</UniqueIdentifier>
    </Filter>
    <Filter Include="Other Files">
      <UniqueIdentifier>{E1D8E0D7-25E2-3979-985D-C7C0C6261C84}</UniqueIdentifier>
    </Filter>
    <Filter Include="Source Files">
      <UniqueIdentifier>{A6800630-3BCC-39B3-BA99-0F4E11EE1676}</UniqueIdentifier>
    </Filter>
  </ItemGroup>
</Project>